{
	"name": "@unicord/core",
	"version": "1.0.0",
	"lockfileVersion": 1,
	"requires": true,
	"dependencies": {
		"@types/app-root-path": {
			"version": "1.2.4",
			"resolved": "https://registry.npmjs.org/@types/app-root-path/-/app-root-path-1.2.4.tgz",
			"integrity": "sha1-p4twMoKzKsVN52j1US7MNWmRncc=",
			"dev": true
		},
		"app-root-path": {
			"version": "2.2.1",
			"resolved": "https://registry.npmjs.org/app-root-path/-/app-root-path-2.2.1.tgz",
			"integrity": "sha512-91IFKeKk7FjfmezPKkwtaRvSpnUc4gDwPAjA1YZ9Gn0q0PPeW+vbeUsZuyDwjI7+QTHhcLen2v25fi/AmhvbJA=="
		},
		"typescript": {
			"version": "3.6.2",
			"resolved": "https://registry.npmjs.org/typescript/-/typescript-3.6.2.tgz",
			"integrity": "sha512-lmQ4L+J6mnu3xweP8+rOrUwzmN+MRAj7TgtJtDaXE5PMyX2kCrklhg3rvOsOIfNeAWMQWO2F1GPc1kMD2vLAfw==",
			"dev": true
		}
	}
}
